
Microsoft Visual Studio Solution File, Format Version 12.00
# Visual Studio 15
VisualStudioVersion = 15.0.26124.0
MinimumVisualStudioVersion = 15.0.26124.0
Project("{2150E333-8FDC-42A3-9474-1A3956D46DE8}") = "src", "src", "{AF77DD0E-3F43-4B2E-97D8-86689FF25CBC}"
EndProject
Project("{FAE04EC0-301F-11D3-BF4B-00C04F79EFBC}") = "ResumeMash", "src\ResumeMash\ResumeMash.csproj", "{03085835-50AB-40E3-8918-0071447E500C}"
EndProject
Project("{FAE04EC0-301F-11D3-BF4B-00C04F79EFBC}") = "ResumeMash.Api", "src\ResumeMash.Api\ResumeMash.Api.csproj", "{C58AB255-C840-445A-A42E-031C58D5B576}"
EndProject
Project("{FAE04EC0-301F-11D3-BF4B-00C04F79EFBC}") = "ResumeMash.Core", "src\ResumeMash.Core\ResumeMash.Core.csproj", "{C3A709AE-51A9-402A-92D7-D85AEBB749BE}"
EndProject
Project("{FAE04EC0-301F-11D3-BF4B-00C04F79EFBC}") = "ResumeMash.Infrastructure", "src\ResumeMash.Infrastructure\ResumeMash.Infrastructure.csproj", "{DA3F3CAB-E706-4B8D-80B5-F21EEDD2A4BA}"
EndProject
Project("{FAE04EC0-301F-11D3-BF4B-00C04F79EFBC}") = "ResumeMash.Test", "test\ResumeMash.Test\ResumeMash.Test.csproj", "{A48207EC-E4AF-48FF-9BE6-6EC217EEDC6F}"
EndProject
Global
	GlobalSection(SolutionConfigurationPlatforms) = preSolution
		Debug|Any CPU = Debug|Any CPU
		Debug|x64 = Debug|x64
		Debug|x86 = Debug|x86
		Release|Any CPU = Release|Any CPU
		Release|x64 = Release|x64
		Release|x86 = Release|x86
	EndGlobalSection
	GlobalSection(SolutionProperties) = preSolution
		HideSolutionNode = FALSE
	EndGlobalSection
	GlobalSection(ProjectConfigurationPlatforms) = postSolution
		{03085835-50AB-40E3-8918-0071447E500C}.Debug|Any CPU.ActiveCfg = Debug|Any CPU
		{03085835-50AB-40E3-8918-0071447E500C}.Debug|Any CPU.Build.0 = Debug|Any CPU
		{03085835-50AB-40E3-8918-0071447E500C}.Debug|x64.ActiveCfg = Debug|Any CPU
		{03085835-50AB-40E3-8918-0071447E500C}.Debug|x64.Build.0 = Debug|Any CPU
		{03085835-50AB-40E3-8918-0071447E500C}.Debug|x86.ActiveCfg = Debug|Any CPU
		{03085835-50AB-40E3-8918-0071447E500C}.Debug|x86.Build.0 = Debug|Any CPU
		{03085835-50AB-40E3-8918-0071447E500C}.Release|Any CPU.ActiveCfg = Release|Any CPU
		{03085835-50AB-40E3-8918-0071447E500C}.Release|Any CPU.Build.0 = Release|Any CPU
		{03085835-50AB-40E3-8918-0071447E500C}.Release|x64.ActiveCfg = Release|Any CPU
		{03085835-50AB-40E3-8918-0071447E500C}.Release|x64.Build.0 = Release|Any CPU
		{03085835-50AB-40E3-8918-0071447E500C}.Release|x86.ActiveCfg = Release|Any CPU
		{03085835-50AB-40E3-8918-0071447E500C}.Release|x86.Build.0 = Release|Any CPU
		{C58AB255-C840-445A-A42E-031C58D5B576}.Debug|Any CPU.ActiveCfg = Debug|Any CPU
		{C58AB255-C840-445A-A42E-031C58D5B576}.Debug|Any CPU.Build.0 = Debug|Any CPU
		{C58AB255-C840-445A-A42E-031C58D5B576}.Debug|x64.ActiveCfg = Debug|Any CPU
		{C58AB255-C840-445A-A42E-031C58D5B576}.Debug|x64.Build.0 = Debug|Any CPU
		{C58AB255-C840-445A-A42E-031C58D5B576}.Debug|x86.ActiveCfg = Debug|Any CPU
		{C58AB255-C840-445A-A42E-031C58D5B576}.Debug|x86.Build.0 = Debug|Any CPU
		{C58AB255-C840-445A-A42E-031C58D5B576}.Release|Any CPU.ActiveCfg = Release|Any CPU
		{C58AB255-C840-445A-A42E-031C58D5B576}.Release|Any CPU.Build.0 = Release|Any CPU
		{C58AB255-C840-445A-A42E-031C58D5B576}.Release|x64.ActiveCfg = Release|Any CPU
		{C58AB255-C840-445A-A42E-031C58D5B576}.Release|x64.Build.0 = Release|Any CPU
		{C58AB255-C840-445A-A42E-031C58D5B576}.Release|x86.ActiveCfg = Release|Any CPU
		{C58AB255-C840-445A-A42E-031C58D5B576}.Release|x86.Build.0 = Release|Any CPU
		{C3A709AE-51A9-402A-92D7-D85AEBB749BE}.Debug|Any CPU.ActiveCfg = Debug|Any CPU
		{C3A709AE-51A9-402A-92D7-D85AEBB749BE}.Debug|Any CPU.Build.0 = Debug|Any CPU
		{C3A709AE-51A9-402A-92D7-D85AEBB749BE}.Debug|x64.ActiveCfg = Debug|Any CPU
		{C3A709AE-51A9-402A-92D7-D85AEBB749BE}.Debug|x64.Build.0 = Debug|Any CPU
		{C3A709AE-51A9-402A-92D7-D85AEBB749BE}.Debug|x86.ActiveCfg = Debug|Any CPU
		{C3A709AE-51A9-402A-92D7-D85AEBB749BE}.Debug|x86.Build.0 = Debug|Any CPU
		{C3A709AE-51A9-402A-92D7-D85AEBB749BE}.Release|Any CPU.ActiveCfg = Release|Any CPU
		{C3A709AE-51A9-402A-92D7-D85AEBB749BE}.Release|Any CPU.Build.0 = Release|Any CPU
		{C3A709AE-51A9-402A-92D7-D85AEBB749BE}.Release|x64.ActiveCfg = Release|Any CPU
		{C3A709AE-51A9-402A-92D7-D85AEBB749BE}.Release|x64.Build.0 = Release|Any CPU
		{C3A709AE-51A9-402A-92D7-D85AEBB749BE}.Release|x86.ActiveCfg = Release|Any CPU
		{C3A709AE-51A9-402A-92D7-D85AEBB749BE}.Release|x86.Build.0 = Release|Any CPU
		{DA3F3CAB-E706-4B8D-80B5-F21EEDD2A4BA}.Debug|Any CPU.ActiveCfg = Debug|Any CPU
		{DA3F3CAB-E706-4B8D-80B5-F21EEDD2A4BA}.Debug|Any CPU.Build.0 = Debug|Any CPU
		{DA3F3CAB-E706-4B8D-80B5-F21EEDD2A4BA}.Debug|x64.ActiveCfg = Debug|Any CPU
		{DA3F3CAB-E706-4B8D-80B5-F21EEDD2A4BA}.Debug|x64.Build.0 = Debug|Any CPU
		{DA3F3CAB-E706-4B8D-80B5-F21EEDD2A4BA}.Debug|x86.ActiveCfg = Debug|Any CPU
		{DA3F3CAB-E706-4B8D-80B5-F21EEDD2A4BA}.Debug|x86.Build.0 = Debug|Any CPU
		{DA3F3CAB-E706-4B8D-80B5-F21EEDD2A4BA}.Release|Any CPU.ActiveCfg = Release|Any CPU
		{DA3F3CAB-E706-4B8D-80B5-F21EEDD2A4BA}.Release|Any CPU.Build.0 = Release|Any CPU
		{DA3F3CAB-E706-4B8D-80B5-F21EEDD2A4BA}.Release|x64.ActiveCfg = Release|Any CPU
		{DA3F3CAB-E706-4B8D-80B5-F21EEDD2A4BA}.Release|x64.Build.0 = Release|Any CPU
		{DA3F3CAB-E706-4B8D-80B5-F21EEDD2A4BA}.Release|x86.ActiveCfg = Release|Any CPU
		{DA3F3CAB-E706-4B8D-80B5-F21EEDD2A4BA}.Release|x86.Build.0 = Release|Any CPU
		{A48207EC-E4AF-48FF-9BE6-6EC217EEDC6F}.Debug|Any CPU.ActiveCfg = Debug|Any CPU
		{A48207EC-E4AF-48FF-9BE6-6EC217EEDC6F}.Debug|Any CPU.Build.0 = Debug|Any CPU
		{A48207EC-E4AF-48FF-9BE6-6EC217EEDC6F}.Debug|x64.ActiveCfg = Debug|Any CPU
		{A48207EC-E4AF-48FF-9BE6-6EC217EEDC6F}.Debug|x64.Build.0 = Debug|Any CPU
		{A48207EC-E4AF-48FF-9BE6-6EC217EEDC6F}.Debug|x86.ActiveCfg = Debug|Any CPU
		{A48207EC-E4AF-48FF-9BE6-6EC217EEDC6F}.Debug|x86.Build.0 = Debug|Any CPU
		{A48207EC-E4AF-48FF-9BE6-6EC217EEDC6F}.Release|Any CPU.ActiveCfg = Release|Any CPU
		{A48207EC-E4AF-48FF-9BE6-6EC217EEDC6F}.Release|Any CPU.Build.0 = Release|Any CPU
		{A48207EC-E4AF-48FF-9BE6-6EC217EEDC6F}.Release|x64.ActiveCfg = Release|Any CPU
		{A48207EC-E4AF-48FF-9BE6-6EC217EEDC6F}.Release|x64.Build.0 = Release|Any CPU
		{A48207EC-E4AF-48FF-9BE6-6EC217EEDC6F}.Release|x86.ActiveCfg = Release|Any CPU
		{A48207EC-E4AF-48FF-9BE6-6EC217EEDC6F}.Release|x86.Build.0 = Release|Any CPU
	EndGlobalSection
	GlobalSection(NestedProjects) = preSolution
		{03085835-50AB-40E3-8918-0071447E500C} = {AF77DD0E-3F43-4B2E-97D8-86689FF25CBC}
		{C58AB255-C840-445A-A42E-031C58D5B576} = {AF77DD0E-3F43-4B2E-97D8-86689FF25CBC}
		{C3A709AE-51A9-402A-92D7-D85AEBB749BE} = {AF77DD0E-3F43-4B2E-97D8-86689FF25CBC}
		{DA3F3CAB-E706-4B8D-80B5-F21EEDD2A4BA} = {AF77DD0E-3F43-4B2E-97D8-86689FF25CBC}
	EndGlobalSection
EndGlobal
